// !$*UTF8*$!
{
	archiveVersion = 1;
	classes = {
	};
	objectVersion = 55;
	objects = {

/* Begin PBXBuildFile section */
		14D9676000480F175DD438A2 /* Pods_localMessenger.framework in Frameworks */ = {isa = PBXBuildFile; fileRef = E3B36E646AB10F30D3E70176 /* Pods_localMessenger.framework */; };
		88131DFB28815EDC00B32A2E /* UserMessageCell.xib in Resources */ = {isa = PBXBuildFile; fileRef = 88131DFA28815EDC00B32A2E /* UserMessageCell.xib */; };
		88131DFD28815F1B00B32A2E /* ParticipantMessageCell.xib in Resources */ = {isa = PBXBuildFile; fileRef = 88131DFC28815F1B00B32A2E /* ParticipantMessageCell.xib */; };
		88131DFF28815F3700B32A2E /* UserTableViewCell.swift in Sources */ = {isa = PBXBuildFile; fileRef = 88131DFE28815F3700B32A2E /* UserTableViewCell.swift */; };
		88131E0128815F4F00B32A2E /* ParticipantTableViewCell.swift in Sources */ = {isa = PBXBuildFile; fileRef = 88131E0028815F4F00B32A2E /* ParticipantTableViewCell.swift */; };
		88131E04288165F700B32A2E /* DateFormatter.swift in Sources */ = {isa = PBXBuildFile; fileRef = 88131E03288165F700B32A2E /* DateFormatter.swift */; };
		881853A1287861E4004006F5 /* AppDelegate.swift in Sources */ = {isa = PBXBuildFile; fileRef = 881853A0287861E4004006F5 /* AppDelegate.swift */; };
		881853A3287861E4004006F5 /* SceneDelegate.swift in Sources */ = {isa = PBXBuildFile; fileRef = 881853A2287861E4004006F5 /* SceneDelegate.swift */; };
		881853A5287861E4004006F5 /* ViewController.swift in Sources */ = {isa = PBXBuildFile; fileRef = 881853A4287861E4004006F5 /* ViewController.swift */; };
		881853A8287861E4004006F5 /* Main.storyboard in Resources */ = {isa = PBXBuildFile; fileRef = 881853A6287861E4004006F5 /* Main.storyboard */; };
		881853AA287861E6004006F5 /* Assets.xcassets in Resources */ = {isa = PBXBuildFile; fileRef = 881853A9287861E6004006F5 /* Assets.xcassets */; };
		881853AD287861E6004006F5 /* LaunchScreen.storyboard in Resources */ = {isa = PBXBuildFile; fileRef = 881853AB287861E6004006F5 /* LaunchScreen.storyboard */; };
		881853B7287863DA004006F5 /* R.generated.swift in Sources */ = {isa = PBXBuildFile; fileRef = 881853B6287863DA004006F5 /* R.generated.swift */; };
		8831128C287EAD860028D624 /* ChatManager.swift in Sources */ = {isa = PBXBuildFile; fileRef = 8831128B287EAD860028D624 /* ChatManager.swift */; };
		8831128F287EAE7F0028D624 /* ChatMessage.swift in Sources */ = {isa = PBXBuildFile; fileRef = 8831128E287EAE7F0028D624 /* ChatMessage.swift */; };
		88311291287EC45E0028D624 /* HostViewController.swift in Sources */ = {isa = PBXBuildFile; fileRef = 88311290287EC45E0028D624 /* HostViewController.swift */; };
/* End PBXBuildFile section */

/* Begin PBXFileReference section */
		2E2A256AC12DD885A9E6B250 /* Pods-localMessenger.debug.xcconfig */ = {isa = PBXFileReference; includeInIndex = 1; lastKnownFileType = text.xcconfig; name = "Pods-localMessenger.debug.xcconfig"; path = "Target Support Files/Pods-localMessenger/Pods-localMessenger.debug.xcconfig"; sourceTree = "<group>"; };
		88131DFA28815EDC00B32A2E /* UserMessageCell.xib */ = {isa = PBXFileReference; lastKnownFileType = file.xib; path = UserMessageCell.xib; sourceTree = "<group>"; };
		88131DFC28815F1B00B32A2E /* ParticipantMessageCell.xib */ = {isa = PBXFileReference; lastKnownFileType = file.xib; path = ParticipantMessageCell.xib; sourceTree = "<group>"; };
		88131DFE28815F3700B32A2E /* UserTableViewCell.swift */ = {isa = PBXFileReference; lastKnownFileType = sourcecode.swift; path = UserTableViewCell.swift; sourceTree = "<group>"; };
		88131E0028815F4F00B32A2E /* ParticipantTableViewCell.swift */ = {isa = PBXFileReference; lastKnownFileType = sourcecode.swift; path = ParticipantTableViewCell.swift; sourceTree = "<group>"; };
		88131E03288165F700B32A2E /* DateFormatter.swift */ = {isa = PBXFileReference; lastKnownFileType = sourcecode.swift; path = DateFormatter.swift; sourceTree = "<group>"; };
		8818539D287861E4004006F5 /* localMessenger.app */ = {isa = PBXFileReference; explicitFileType = wrapper.application; includeInIndex = 0; path = localMessenger.app; sourceTree = BUILT_PRODUCTS_DIR; };
		881853A0287861E4004006F5 /* AppDelegate.swift */ = {isa = PBXFileReference; lastKnownFileType = sourcecode.swift; path = AppDelegate.swift; sourceTree = "<group>"; };
		881853A2287861E4004006F5 /* SceneDelegate.swift */ = {isa = PBXFileReference; lastKnownFileType = sourcecode.swift; path = SceneDelegate.swift; sourceTree = "<group>"; };
		881853A4287861E4004006F5 /* ViewController.swift */ = {isa = PBXFileReference; lastKnownFileType = sourcecode.swift; path = ViewController.swift; sourceTree = "<group>"; };
		881853A7287861E4004006F5 /* Base */ = {isa = PBXFileReference; lastKnownFileType = file.storyboard; name = Base; path = Base.lproj/Main.storyboard; sourceTree = "<group>"; };
		881853A9287861E6004006F5 /* Assets.xcassets */ = {isa = PBXFileReference; lastKnownFileType = folder.assetcatalog; path = Assets.xcassets; sourceTree = "<group>"; };
		881853AC287861E6004006F5 /* Base */ = {isa = PBXFileReference; lastKnownFileType = file.storyboard; name = Base; path = Base.lproj/LaunchScreen.storyboard; sourceTree = "<group>"; };
		881853AE287861E6004006F5 /* Info.plist */ = {isa = PBXFileReference; lastKnownFileType = text.plist.xml; path = Info.plist; sourceTree = "<group>"; };
		881853B6287863DA004006F5 /* R.generated.swift */ = {isa = PBXFileReference; fileEncoding = 4; lastKnownFileType = sourcecode.swift; path = R.generated.swift; sourceTree = "<group>"; };
		8831128B287EAD860028D624 /* ChatManager.swift */ = {isa = PBXFileReference; lastKnownFileType = sourcecode.swift; path = ChatManager.swift; sourceTree = "<group>"; };
		8831128E287EAE7F0028D624 /* ChatMessage.swift */ = {isa = PBXFileReference; lastKnownFileType = sourcecode.swift; path = ChatMessage.swift; sourceTree = "<group>"; };
		88311290287EC45E0028D624 /* HostViewController.swift */ = {isa = PBXFileReference; lastKnownFileType = sourcecode.swift; path = HostViewController.swift; sourceTree = "<group>"; };
		C18D5DCA33737E715018DF38 /* Pods-localMessenger.release.xcconfig */ = {isa = PBXFileReference; includeInIndex = 1; lastKnownFileType = text.xcconfig; name = "Pods-localMessenger.release.xcconfig"; path = "Target Support Files/Pods-localMessenger/Pods-localMessenger.release.xcconfig"; sourceTree = "<group>"; };
		E3B36E646AB10F30D3E70176 /* Pods_localMessenger.framework */ = {isa = PBXFileReference; explicitFileType = wrapper.framework; includeInIndex = 0; path = Pods_localMessenger.framework; sourceTree = BUILT_PRODUCTS_DIR; };
/* End PBXFileReference section */

/* Begin PBXFrameworksBuildPhase section */
		8818539A287861E4004006F5 /* Frameworks */ = {
			isa = PBXFrameworksBuildPhase;
			buildActionMask = 2147483647;
			files = (
				14D9676000480F175DD438A2 /* Pods_localMessenger.framework in Frameworks */,
			);
			runOnlyForDeploymentPostprocessing = 0;
		};
/* End PBXFrameworksBuildPhase section */

/* Begin PBXGroup section */
		88131E02288165DC00B32A2E /* Extension */ = {
			isa = PBXGroup;
			children = (
				88131E03288165F700B32A2E /* DateFormatter.swift */,
			);
			path = Extension;
			sourceTree = "<group>";
		};
		88185394287861E4004006F5 = {
			isa = PBXGroup;
			children = (
				881853B6287863DA004006F5 /* R.generated.swift */,
				8818539F287861E4004006F5 /* localMessenger */,
				8818539E287861E4004006F5 /* Products */,
				F122FE7E92B1F34FA06E7796 /* Pods */,
				D4664408E3CE9441CC0AB77E /* Frameworks */,
			);
			sourceTree = "<group>";
		};
		8818539E287861E4004006F5 /* Products */ = {
			isa = PBXGroup;
			children = (
				8818539D287861E4004006F5 /* localMessenger.app */,
			);
			name = Products;
			sourceTree = "<group>";
		};
		8818539F287861E4004006F5 /* localMessenger */ = {
			isa = PBXGroup;
			children = (
				88131E02288165DC00B32A2E /* Extension */,
				8831128D287EAE6C0028D624 /* Model */,
				8831128A287EAD730028D624 /* ChatManager */,
				88311289287EAD630028D624 /* Views */,
				881853A0287861E4004006F5 /* AppDelegate.swift */,
				881853A2287861E4004006F5 /* SceneDelegate.swift */,
				881853A6287861E4004006F5 /* Main.storyboard */,
				881853A9287861E6004006F5 /* Assets.xcassets */,
				881853AB287861E6004006F5 /* LaunchScreen.storyboard */,
				881853AE287861E6004006F5 /* Info.plist */,
			);
			path = localMessenger;
			sourceTree = "<group>";
		};
		88311289287EAD630028D624 /* Views */ = {
			isa = PBXGroup;
			children = (
				881853A4287861E4004006F5 /* ViewController.swift */,
				88311290287EC45E0028D624 /* HostViewController.swift */,
				88131DFA28815EDC00B32A2E /* UserMessageCell.xib */,
				88131DFC28815F1B00B32A2E /* ParticipantMessageCell.xib */,
				88131DFE28815F3700B32A2E /* UserTableViewCell.swift */,
				88131E0028815F4F00B32A2E /* ParticipantTableViewCell.swift */,
			);
			path = Views;
			sourceTree = "<group>";
		};
		8831128A287EAD730028D624 /* ChatManager */ = {
			isa = PBXGroup;
			children = (
				8831128B287EAD860028D624 /* ChatManager.swift */,
			);
			path = ChatManager;
			sourceTree = "<group>";
		};
		8831128D287EAE6C0028D624 /* Model */ = {
			isa = PBXGroup;
			children = (
				8831128E287EAE7F0028D624 /* ChatMessage.swift */,
			);
			path = Model;
			sourceTree = "<group>";
		};
		D4664408E3CE9441CC0AB77E /* Frameworks */ = {
			isa = PBXGroup;
			children = (
				E3B36E646AB10F30D3E70176 /* Pods_localMessenger.framework */,
			);
			name = Frameworks;
			sourceTree = "<group>";
		};
		F122FE7E92B1F34FA06E7796 /* Pods */ = {
			isa = PBXGroup;
			children = (
				2E2A256AC12DD885A9E6B250 /* Pods-localMessenger.debug.xcconfig */,
				C18D5DCA33737E715018DF38 /* Pods-localMessenger.release.xcconfig */,
			);
			path = Pods;
			sourceTree = "<group>";
		};
/* End PBXGroup section */

/* Begin PBXNativeTarget section */
		8818539C287861E4004006F5 /* localMessenger */ = {
			isa = PBXNativeTarget;
			buildConfigurationList = 881853B1287861E6004006F5 /* Build configuration list for PBXNativeTarget "localMessenger" */;
			buildPhases = (
				A131566DFB211CEBA9EE1361 /* [CP] Check Pods Manifest.lock */,
				881853B528786357004006F5 /* RSwift */,
				881853B428786348004006F5 /* SwiftLint */,
				88185399287861E4004006F5 /* Sources */,
				8818539A287861E4004006F5 /* Frameworks */,
				8818539B287861E4004006F5 /* Resources */,
				0F43CDA8D509ED5E0871D99A /* [CP] Embed Pods Frameworks */,
			);
			buildRules = (
			);
			dependencies = (
			);
			name = localMessenger;
			productName = localMessenger;
			productReference = 8818539D287861E4004006F5 /* localMessenger.app */;
			productType = "com.apple.product-type.application";
		};
/* End PBXNativeTarget section */

/* Begin PBXProject section */
		88185395287861E4004006F5 /* Project object */ = {
			isa = PBXProject;
			attributes = {
				BuildIndependentTargetsInParallel = 1;
				LastSwiftUpdateCheck = 1340;
				LastUpgradeCheck = 1340;
				TargetAttributes = {
					8818539C287861E4004006F5 = {
						CreatedOnToolsVersion = 13.4.1;
					};
				};
			};
			buildConfigurationList = 88185398287861E4004006F5 /* Build configuration list for PBXProject "localMessenger" */;
			compatibilityVersion = "Xcode 13.0";
			developmentRegion = en;
			hasScannedForEncodings = 0;
			knownRegions = (
				en,
				Base,
			);
			mainGroup = 88185394287861E4004006F5;
			productRefGroup = 8818539E287861E4004006F5 /* Products */;
			projectDirPath = "";
			projectRoot = "";
			targets = (
				8818539C287861E4004006F5 /* localMessenger */,
			);
		};
/* End PBXProject section */

/* Begin PBXResourcesBuildPhase section */
		8818539B287861E4004006F5 /* Resources */ = {
			isa = PBXResourcesBuildPhase;
			buildActionMask = 2147483647;
			files = (
				881853AD287861E6004006F5 /* LaunchScreen.storyboard in Resources */,
				88131DFB28815EDC00B32A2E /* UserMessageCell.xib in Resources */,
				881853AA287861E6004006F5 /* Assets.xcassets in Resources */,
				88131DFD28815F1B00B32A2E /* ParticipantMessageCell.xib in Resources */,
				881853A8287861E4004006F5 /* Main.storyboard in Resources */,
			);
			runOnlyForDeploymentPostprocessing = 0;
		};
/* End PBXResourcesBuildPhase section */

/* Begin PBXShellScriptBuildPhase section */
		0F43CDA8D509ED5E0871D99A /* [CP] Embed Pods Frameworks */ = {
			isa = PBXShellScriptBuildPhase;
			buildActionMask = 2147483647;
			files = (
			);
			inputFileListPaths = (
				"${PODS_ROOT}/Target Support Files/Pods-localMessenger/Pods-localMessenger-frameworks-${CONFIGURATION}-input-files.xcfilelist",
			);
			name = "[CP] Embed Pods Frameworks";
			outputFileListPaths = (
				"${PODS_ROOT}/Target Support Files/Pods-localMessenger/Pods-localMessenger-frameworks-${CONFIGURATION}-output-files.xcfilelist",
			);
			runOnlyForDeploymentPostprocessing = 0;
			shellPath = /bin/sh;
			shellScript = "\"${PODS_ROOT}/Target Support Files/Pods-localMessenger/Pods-localMessenger-frameworks.sh\"\n";
			showEnvVarsInLog = 0;
		};
		881853B428786348004006F5 /* SwiftLint */ = {
			isa = PBXShellScriptBuildPhase;
			alwaysOutOfDate = 1;
			buildActionMask = 2147483647;
			files = (
			);
			inputFileListPaths = (
			);
			inputPaths = (
			);
			name = SwiftLint;
			outputFileListPaths = (
			);
			outputPaths = (
			);
			runOnlyForDeploymentPostprocessing = 0;
			shellPath = /bin/sh;
			shellScript = "if which \"${PODS_ROOT}/SwiftLint/swiftlint\" >/dev/null; then\n    ${PODS_ROOT}/SwiftLint/swiftlint\nelse\n    echo \"warning: SwiftLint not installed, download from https://github.com/realm/SwiftLint\"\nfi\n";
		};
		881853B528786357004006F5 /* RSwift */ = {
			isa = PBXShellScriptBuildPhase;
			alwaysOutOfDate = 1;
			buildActionMask = 2147483647;
			files = (
			);
			inputFileListPaths = (
			);
			inputPaths = (
			);
			name = RSwift;
			outputFileListPaths = (
			);
			outputPaths = (
				$SRCROOT/R.generated.swift,
			);
			runOnlyForDeploymentPostprocessing = 0;
			shellPath = /bin/sh;
			shellScript = "\"$PODS_ROOT/R.swift/rswift\" generate \"$SRCROOT/R.generated.swift\"\n";
		};
		A131566DFB211CEBA9EE1361 /* [CP] Check Pods Manifest.lock */ = {
			isa = PBXShellScriptBuildPhase;
			buildActionMask = 2147483647;
			files = (
			);
			inputFileListPaths = (
			);
			inputPaths = (
				"${PODS_PODFILE_DIR_PATH}/Podfile.lock",
				"${PODS_ROOT}/Manifest.lock",
			);
			name = "[CP] Check Pods Manifest.lock";
			outputFileListPaths = (
			);
			outputPaths = (
				"$(DERIVED_FILE_DIR)/Pods-localMessenger-checkManifestLockResult.txt",
			);
			runOnlyForDeploymentPostprocessing = 0;
			shellPath = /bin/sh;
			shellScript = "diff \"${PODS_PODFILE_DIR_PATH}/Podfile.lock\" \"${PODS_ROOT}/Manifest.lock\" > /dev/null\nif [ $? != 0 ] ; then\n    # print error to STDERR\n    echo \"error: The sandbox is not in sync with the Podfile.lock. Run 'pod install' or update your CocoaPods installation.\" >&2\n    exit 1\nfi\n# This output is used by Xcode 'outputs' to avoid re-running this script phase.\necho \"SUCCESS\" > \"${SCRIPT_OUTPUT_FILE_0}\"\n";
			showEnvVarsInLog = 0;
		};
/* End PBXShellScriptBuildPhase section */

/* Begin PBXSourcesBuildPhase section */
		88185399287861E4004006F5 /* Sources */ = {
			isa = PBXSourcesBuildPhase;
			buildActionMask = 2147483647;
			files = (
				88131DFF28815F3700B32A2E /* UserTableViewCell.swift in Sources */,
				881853A5287861E4004006F5 /* ViewController.swift in Sources */,
				8831128C287EAD860028D624 /* ChatManager.swift in Sources */,
				88131E04288165F700B32A2E /* DateFormatter.swift in Sources */,
				881853A1287861E4004006F5 /* AppDelegate.swift in Sources */,
				881853A3287861E4004006F5 /* SceneDelegate.swift in Sources */,
				881853B7287863DA004006F5 /* R.generated.swift in Sources */,
				8831128F287EAE7F0028D624 /* ChatMessage.swift in Sources */,
				88311291287EC45E0028D624 /* HostViewController.swift in Sources */,
				88131E0128815F4F00B32A2E /* ParticipantTableViewCell.swift in Sources */,
			);
			runOnlyForDeploymentPostprocessing = 0;
		};
/* End PBXSourcesBuildPhase section */

/* Begin PBXVariantGroup section */
		881853A6287861E4004006F5 /* Main.storyboard */ = {
			isa = PBXVariantGroup;
			children = (
				881853A7287861E4004006F5 /* Base */,
			);
			name = Main.storyboard;
			sourceTree = "<group>";
		};
		881853AB287861E6004006F5 /* LaunchScreen.storyboard */ = {
			isa = PBXVariantGroup;
			children = (
				881853AC287861E6004006F5 /* Base */,
			);
			name = LaunchScreen.storyboard;
			sourceTree = "<group>";
		};
/* End PBXVariantGroup section */

/* Begin XCBuildConfiguration section */
		881853AF287861E6004006F5 /* Debug */ = {
			isa = XCBuildConfiguration;
			buildSettings = {
				ALWAYS_SEARCH_USER_PATHS = NO;
				CLANG_ANALYZER_NONNULL = YES;
				CLANG_ANALYZER_NUMBER_OBJECT_CONVERSION = YES_AGGRESSIVE;
				CLANG_CXX_LANGUAGE_STANDARD = "gnu++17";
				CLANG_ENABLE_MODULES = YES;
				CLANG_ENABLE_OBJC_ARC = YES;
				CLANG_ENABLE_OBJC_WEAK = YES;
				CLANG_WARN_BLOCK_CAPTURE_AUTORELEASING = YES;
				CLANG_WARN_BOOL_CONVERSION = YES;
				CLANG_WARN_COMMA = YES;
				CLANG_WARN_CONSTANT_CONVERSION = YES;
				CLANG_WARN_DEPRECATED_OBJC_IMPLEMENTATIONS = YES;
				CLANG_WARN_DIRECT_OBJC_ISA_USAGE = YES_ERROR;
				CLANG_WARN_DOCUMENTATION_COMMENTS = YES;
				CLANG_WARN_EMPTY_BODY = YES;
				CLANG_WARN_ENUM_CONVERSION = YES;
				CLANG_WARN_INFINITE_RECURSION = YES;
				CLANG_WARN_INT_CONVERSION = YES;
				CLANG_WARN_NON_LITERAL_NULL_CONVERSION = YES;
				CLANG_WARN_OBJC_IMPLICIT_RETAIN_SELF = YES;
				CLANG_WARN_OBJC_LITERAL_CONVERSION = YES;
				CLANG_WARN_OBJC_ROOT_CLASS = YES_ERROR;
				CLANG_WARN_QUOTED_INCLUDE_IN_FRAMEWORK_HEADER = YES;
				CLANG_WARN_RANGE_LOOP_ANALYSIS = YES;
				CLANG_WARN_STRICT_PROTOTYPES = YES;
				CLANG_WARN_SUSPICIOUS_MOVE = YES;
				CLANG_WARN_UNGUARDED_AVAILABILITY = YES_AGGRESSIVE;
				CLANG_WARN_UNREACHABLE_CODE = YES;
				CLANG_WARN__DUPLICATE_METHOD_MATCH = YES;
				COPY_PHASE_STRIP = NO;
				DEBUG_INFORMATION_FORMAT = dwarf;
				ENABLE_STRICT_OBJC_MSGSEND = YES;
				ENABLE_TESTABILITY = YES;
				GCC_C_LANGUAGE_STANDARD = gnu11;
				GCC_DYNAMIC_NO_PIC = NO;
				GCC_NO_COMMON_BLOCKS = YES;
				GCC_OPTIMIZATION_LEVEL = 0;
				GCC_PREPROCESSOR_DEFINITIONS = (
					"DEBUG=1",
					"$(inherited)",
				);
				GCC_WARN_64_TO_32_BIT_CONVERSION = YES;
				GCC_WARN_ABOUT_RETURN_TYPE = YES_ERROR;
				GCC_WARN_UNDECLARED_SELECTOR = YES;
				GCC_WARN_UNINITIALIZED_AUTOS = YES_AGGRESSIVE;
				GCC_WARN_UNUSED_FUNCTION = YES;
				GCC_WARN_UNUSED_VARIABLE = YES;
				IPHONEOS_DEPLOYMENT_TARGET = 15.4;
				MTL_ENABLE_DEBUG_INFO = INCLUDE_SOURCE;
				MTL_FAST_MATH = YES;
				ONLY_ACTIVE_ARCH = YES;
				SDKROOT = iphoneos;
				SWIFT_ACTIVE_COMPILATION_CONDITIONS = DEBUG;
				SWIFT_OPTIMIZATION_LEVEL = "-Onone";
			};
			name = Debug;
		};
		881853B0287861E6004006F5 /* Release */ = {
			isa = XCBuildConfiguration;
			buildSettings = {
				ALWAYS_SEARCH_USER_PATHS = NO;
				CLANG_ANALYZER_NONNULL = YES;
				CLANG_ANALYZER_NUMBER_OBJECT_CONVERSION = YES_AGGRESSIVE;
				CLANG_CXX_LANGUAGE_STANDARD = "gnu++17";
				CLANG_ENABLE_MODULES = YES;
				CLANG_ENABLE_OBJC_ARC = YES;
				CLANG_ENABLE_OBJC_WEAK = YES;
				CLANG_WARN_BLOCK_CAPTURE_AUTORELEASING = YES;
				CLANG_WARN_BOOL_CONVERSION = YES;
				CLANG_WARN_COMMA = YES;
				CLANG_WARN_CONSTANT_CONVERSION = YES;
				CLANG_WARN_DEPRECATED_OBJC_IMPLEMENTATIONS = YES;
				CLANG_WARN_DIRECT_OBJC_ISA_USAGE = YES_ERROR;
				CLANG_WARN_DOCUMENTATION_COMMENTS = YES;
				CLANG_WARN_EMPTY_BODY = YES;
				CLANG_WARN_ENUM_CONVERSION = YES;
				CLANG_WARN_INFINITE_RECURSION = YES;
				CLANG_WARN_INT_CONVERSION = YES;
				CLANG_WARN_NON_LITERAL_NULL_CONVERSION = YES;
				CLANG_WARN_OBJC_IMPLICIT_RETAIN_SELF = YES;
				CLANG_WARN_OBJC_LITERAL_CONVERSION = YES;
				CLANG_WARN_OBJC_ROOT_CLASS = YES_ERROR;
				CLANG_WARN_QUOTED_INCLUDE_IN_FRAMEWORK_HEADER = YES;
				CLANG_WARN_RANGE_LOOP_ANALYSIS = YES;
				CLANG_WARN_STRICT_PROTOTYPES = YES;
				CLANG_WARN_SUSPICIOUS_MOVE = YES;
				CLANG_WARN_UNGUARDED_AVAILABILITY = YES_AGGRESSIVE;
				CLANG_WARN_UNREACHABLE_CODE = YES;
				CLANG_WARN__DUPLICATE_METHOD_MATCH = YES;
				COPY_PHASE_STRIP = NO;
				DEBUG_INFORMATION_FORMAT = "dwarf-with-dsym";
				ENABLE_NS_ASSERTIONS = NO;
				ENABLE_STRICT_OBJC_MSGSEND = YES;
				GCC_C_LANGUAGE_STANDARD = gnu11;
				GCC_NO_COMMON_BLOCKS = YES;
				GCC_WARN_64_TO_32_BIT_CONVERSION = YES;
				GCC_WARN_ABOUT_RETURN_TYPE = YES_ERROR;
				GCC_WARN_UNDECLARED_SELECTOR = YES;
				GCC_WARN_UNINITIALIZED_AUTOS = YES_AGGRESSIVE;
				GCC_WARN_UNUSED_FUNCTION = YES;
				GCC_WARN_UNUSED_VARIABLE = YES;
				IPHONEOS_DEPLOYMENT_TARGET = 15.4;
				MTL_ENABLE_DEBUG_INFO = NO;
				MTL_FAST_MATH = YES;
				SDKROOT = iphoneos;
				SWIFT_COMPILATION_MODE = wholemodule;
				SWIFT_OPTIMIZATION_LEVEL = "-O";
				VALIDATE_PRODUCT = YES;
			};
			name = Release;
		};
		881853B2287861E6004006F5 /* Debug */ = {
			isa = XCBuildConfiguration;
			baseConfigurationReference = 2E2A256AC12DD885A9E6B250 /* Pods-localMessenger.debug.xcconfig */;
			buildSettings = {
				ASSETCATALOG_COMPILER_APPICON_NAME = AppIcon;
				ASSETCATALOG_COMPILER_GLOBAL_ACCENT_COLOR_NAME = AccentColor;
				CODE_SIGN_STYLE = Automatic;
				CURRENT_PROJECT_VERSION = 1;
				DEVELOPMENT_TEAM = 48ZGK5S53A;
				GENERATE_INFOPLIST_FILE = YES;
				INFOPLIST_FILE = localMessenger/Info.plist;
				INFOPLIST_KEY_NSLocalNetworkUsageDescription = "Why do we use local network???";
				INFOPLIST_KEY_UIApplicationSupportsIndirectInputEvents = YES;
				INFOPLIST_KEY_UILaunchStoryboardName = LaunchScreen;
				INFOPLIST_KEY_UIMainStoryboardFile = Main;
				INFOPLIST_KEY_UISupportedInterfaceOrientations_iPad = "UIInterfaceOrientationPortrait UIInterfaceOrientationPortraitUpsideDown UIInterfaceOrientationLandscapeLeft UIInterfaceOrientationLandscapeRight";
				INFOPLIST_KEY_UISupportedInterfaceOrientations_iPhone = "UIInterfaceOrientationPortrait UIInterfaceOrientationLandscapeLeft UIInterfaceOrientationLandscapeRight";
				LD_RUNPATH_SEARCH_PATHS = (
					"$(inherited)",
					"@executable_path/Frameworks",
				);
				MARKETING_VERSION = 1.0;
				PRODUCT_BUNDLE_IDENTIFIER = com.oleksii.localMessenger;
				PRODUCT_NAME = "$(TARGET_NAME)";
				SWIFT_EMIT_LOC_STRINGS = YES;
				SWIFT_VERSION = 5.0;
				TARGETED_DEVICE_FAMILY = "1,2";
			};
			name = Debug;
		};
		881853B3287861E6004006F5 /* Release */ = {
			isa = XCBuildConfiguration;
			baseConfigurationReference = C18D5DCA33737E715018DF38 /* Pods-localMessenger.release.xcconfig */;
			buildSettings = {
				ASSETCATALOG_COMPILER_APPICON_NAME = AppIcon;
				ASSETCATALOG_COMPILER_GLOBAL_ACCENT_COLOR_NAME = AccentColor;
				CODE_SIGN_STYLE = Automatic;
				CURRENT_PROJECT_VERSION = 1;
				DEVELOPMENT_TEAM = 48ZGK5S53A;
				GENERATE_INFOPLIST_FILE = YES;
				INFOPLIST_FILE = localMessenger/Info.plist;
				INFOPLIST_KEY_NSLocalNetworkUsageDescription = "Why do we use local network???";
				INFOPLIST_KEY_UIApplicationSupportsIndirectInputEvents = YES;
				INFOPLIST_KEY_UILaunchStoryboardName = LaunchScreen;
				INFOPLIST_KEY_UIMainStoryboardFile = Main;
				INFOPLIST_KEY_UISupportedInterfaceOrientations_iPad = "UIInterfaceOrientationPortrait UIInterfaceOrientationPortraitUpsideDown UIInterfaceOrientationLandscapeLeft UIInterfaceOrientationLandscapeRight";
				INFOPLIST_KEY_UISupportedInterfaceOrientations_iPhone = "UIInterfaceOrientationPortrait UIInterfaceOrientationLandscapeLeft UIInterfaceOrientationLandscapeRight";
				LD_RUNPATH_SEARCH_PATHS = (
					"$(inherited)",
					"@executable_path/Frameworks",
				);
				MARKETING_VERSION = 1.0;
				PRODUCT_BUNDLE_IDENTIFIER = com.oleksii.localMessenger;
				PRODUCT_NAME = "$(TARGET_NAME)";
				SWIFT_EMIT_LOC_STRINGS = YES;
				SWIFT_VERSION = 5.0;
				TARGETED_DEVICE_FAMILY = "1,2";
			};
			name = Release;
		};
/* End XCBuildConfiguration section */

/* Begin XCConfigurationList section */
		88185398287861E4004006F5 /* Build configuration list for PBXProject "localMessenger" */ = {
			isa = XCConfigurationList;
			buildConfigurations = (
				881853AF287861E6004006F5 /* Debug */,
				881853B0287861E6004006F5 /* Release */,
			);
			defaultConfigurationIsVisible = 0;
			defaultConfigurationName = Release;
		};
		881853B1287861E6004006F5 /* Build configuration list for PBXNativeTarget "localMessenger" */ = {
			isa = XCConfigurationList;
			buildConfigurations = (
				881853B2287861E6004006F5 /* Debug */,
				881853B3287861E6004006F5 /* Release */,
			);
			defaultConfigurationIsVisible = 0;
			defaultConfigurationName = Release;
		};
/* End XCConfigurationList section */
	};
	rootObject = 88185395287861E4004006F5 /* Project object */;
}
